github.com/gorilla/mux v1.8.0 h1:i40aqfkR1h2SlN9hojwV5ZA91wcXFOvkdNIeFDP5koI=
github.com/gorilla/mux v1.8.0/go.mod h1:DVbg23sWSpFRCP0SfiEN6jmj59UnW/n46BH5rLB71So=
github.com/wskurniawan/intro-microservice v0.0.0-20201014151129-446c914405db h1:TbiJvvwSAyyLXR4qGrzRbU/ipCE8avuaKQKewWyafys=
github.com/wskurniawan/intro-microservice v0.0.0-20201014151129-446c914405db/go.mod h1:oFqKrAH8800Gb0i7pEIMcWlRdKv/nIUeeve0eVHllac=
